
Microsoft Visual Studio Solution File, Format Version 12.00
# Visual Studio 15
VisualStudioVersion = 15.0.35319.79
MinimumVisualStudioVersion = 10.0.40219.1
Project("{FAE04EC0-301F-11D3-BF4B-00C04F79EFBC}") = "AdamAsmacaGUI", "AdamAsmacaGUI\AdamAsmacaGUI.csproj", "{6E329D4A-E46D-4DE4-A04A-524F1F4CAA1C}"
EndProject
Global
	GlobalSection(SolutionConfigurationPlatforms) = preSolution
		Debug|Any CPU = Debug|Any CPU
		Release|Any CPU = Release|Any CPU
	EndGlobalSection
	GlobalSection(ProjectConfigurationPlatforms) = postSolution
		{6E329D4A-E46D-4DE4-A04A-524F1F4CAA1C}.Debug|Any CPU.ActiveCfg = Debug|Any CPU
		{6E329D4A-E46D-4DE4-A04A-524F1F4CAA1C}.Debug|Any CPU.Build.0 = Debug|Any CPU
		{6E329D4A-E46D-4DE4-A04A-524F1F4CAA1C}.Release|Any CPU.ActiveCfg = Release|Any CPU
		{6E329D4A-E46D-4DE4-A04A-524F1F4CAA1C}.Release|Any CPU.Build.0 = Release|Any CPU
	EndGlobalSection
	GlobalSection(SolutionProperties) = preSolution
		HideSolutionNode = FALSE
	EndGlobalSection
	GlobalSection(ExtensibilityGlobals) = postSolution
		SolutionGuid = {03A867C5-9C1B-4F69-9C94-1C97EBDF9D6A}
	EndGlobalSection
EndGlobal
